
Microsoft Visual Studio Solution File, Format Version 12.00
# Visual Studio Version 16
VisualStudioVersion = 16.0.33130.400
MinimumVisualStudioVersion = 10.0.40219.1
Project("{FAE04EC0-301F-11D3-BF4B-00C04F79EFBC}") = "Homework2_2", "Homework2_2\Homework2_2.csproj", "{5D150DC8-61CE-4320-8BAF-DB8D47C605BB}"
EndProject
Global
	GlobalSection(SolutionConfigurationPlatforms) = preSolution
		Debug|Any CPU = Debug|Any CPU
		Release|Any CPU = Release|Any CPU
	EndGlobalSection
	GlobalSection(ProjectConfigurationPlatforms) = postSolution
		{5D150DC8-61CE-4320-8BAF-DB8D47C605BB}.Debug|Any CPU.ActiveCfg = Debug|Any CPU
		{5D150DC8-61CE-4320-8BAF-DB8D47C605BB}.Debug|Any CPU.Build.0 = Debug|Any CPU
		{5D150DC8-61CE-4320-8BAF-DB8D47C605BB}.Release|Any CPU.ActiveCfg = Release|Any CPU
		{5D150DC8-61CE-4320-8BAF-DB8D47C605BB}.Release|Any CPU.Build.0 = Release|Any CPU
	EndGlobalSection
	GlobalSection(SolutionProperties) = preSolution
		HideSolutionNode = FALSE
	EndGlobalSection
	GlobalSection(ExtensibilityGlobals) = postSolution
		SolutionGuid = {B18A3AE5-5148-45A4-86EA-3C151CB89AAC}
	EndGlobalSection
EndGlobal
